
Microsoft Visual Studio Solution File, Format Version 12.00
# Visual Studio 15
VisualStudioVersion = 15.0.26730.10
MinimumVisualStudioVersion = 10.0.40219.1
Project("{FAE04EC0-301F-11D3-BF4B-00C04F79EFBC}") = "Task2", "Task2\Task2.csproj", "{0A7C6BAE-25AD-4BB7-9541-CF8B4687E2E7}"
EndProject
Project("{FAE04EC0-301F-11D3-BF4B-00C04F79EFBC}") = "ClassLibrary", "ClassLibrary\ClassLibrary.csproj", "{0FE9C0B3-73B5-49D3-BE74-1CA5287DAC4A}"
EndProject
Project("{FAE04EC0-301F-11D3-BF4B-00C04F79EFBC}") = "LogicClass", "LogicClass\LogicClass.csproj", "{A0BFE995-8C2D-473C-8D94-F9F0EAE0068A}"
EndProject
Project("{FAE04EC0-301F-11D3-BF4B-00C04F79EFBC}") = "Serialization", "Serialization\Serialization.csproj", "{1349CCFB-549D-4C66-B190-8C73EF65BB21}"
EndProject
Project("{FAE04EC0-301F-11D3-BF4B-00C04F79EFBC}") = "Task2UnitTest", "Task2UnitTest\Task2UnitTest.csproj", "{819441C9-4055-416C-B840-44D71D0D5D1F}"
EndProject
Global
	GlobalSection(SolutionConfigurationPlatforms) = preSolution
		Debug|Any CPU = Debug|Any CPU
		Debug|ARM = Debug|ARM
		Debug|x64 = Debug|x64
		Debug|x86 = Debug|x86
		Release|Any CPU = Release|Any CPU
		Release|ARM = Release|ARM
		Release|x64 = Release|x64
		Release|x86 = Release|x86
	EndGlobalSection
	GlobalSection(ProjectConfigurationPlatforms) = postSolution
		{0A7C6BAE-25AD-4BB7-9541-CF8B4687E2E7}.Debug|Any CPU.ActiveCfg = Debug|Any CPU
		{0A7C6BAE-25AD-4BB7-9541-CF8B4687E2E7}.Debug|Any CPU.Build.0 = Debug|Any CPU
		{0A7C6BAE-25AD-4BB7-9541-CF8B4687E2E7}.Debug|ARM.ActiveCfg = Debug|Any CPU
		{0A7C6BAE-25AD-4BB7-9541-CF8B4687E2E7}.Debug|ARM.Build.0 = Debug|Any CPU
		{0A7C6BAE-25AD-4BB7-9541-CF8B4687E2E7}.Debug|x64.ActiveCfg = Debug|Any CPU
		{0A7C6BAE-25AD-4BB7-9541-CF8B4687E2E7}.Debug|x64.Build.0 = Debug|Any CPU
		{0A7C6BAE-25AD-4BB7-9541-CF8B4687E2E7}.Debug|x86.ActiveCfg = Debug|Any CPU
		{0A7C6BAE-25AD-4BB7-9541-CF8B4687E2E7}.Debug|x86.Build.0 = Debug|Any CPU
		{0A7C6BAE-25AD-4BB7-9541-CF8B4687E2E7}.Release|Any CPU.ActiveCfg = Release|Any CPU
		{0A7C6BAE-25AD-4BB7-9541-CF8B4687E2E7}.Release|Any CPU.Build.0 = Release|Any CPU
		{0A7C6BAE-25AD-4BB7-9541-CF8B4687E2E7}.Release|ARM.ActiveCfg = Release|Any CPU
		{0A7C6BAE-25AD-4BB7-9541-CF8B4687E2E7}.Release|ARM.Build.0 = Release|Any CPU
		{0A7C6BAE-25AD-4BB7-9541-CF8B4687E2E7}.Release|x64.ActiveCfg = Release|Any CPU
		{0A7C6BAE-25AD-4BB7-9541-CF8B4687E2E7}.Release|x64.Build.0 = Release|Any CPU
		{0A7C6BAE-25AD-4BB7-9541-CF8B4687E2E7}.Release|x86.ActiveCfg = Release|Any CPU
		{0A7C6BAE-25AD-4BB7-9541-CF8B4687E2E7}.Release|x86.Build.0 = Release|Any CPU
		{0FE9C0B3-73B5-49D3-BE74-1CA5287DAC4A}.Debug|Any CPU.ActiveCfg = Debug|Any CPU
		{0FE9C0B3-73B5-49D3-BE74-1CA5287DAC4A}.Debug|Any CPU.Build.0 = Debug|Any CPU
		{0FE9C0B3-73B5-49D3-BE74-1CA5287DAC4A}.Debug|ARM.ActiveCfg = Debug|Any CPU
		{0FE9C0B3-73B5-49D3-BE74-1CA5287DAC4A}.Debug|ARM.Build.0 = Debug|Any CPU
		{0FE9C0B3-73B5-49D3-BE74-1CA5287DAC4A}.Debug|x64.ActiveCfg = Debug|Any CPU
		{0FE9C0B3-73B5-49D3-BE74-1CA5287DAC4A}.Debug|x64.Build.0 = Debug|Any CPU
		{0FE9C0B3-73B5-49D3-BE74-1CA5287DAC4A}.Debug|x86.ActiveCfg = Debug|Any CPU
		{0FE9C0B3-73B5-49D3-BE74-1CA5287DAC4A}.Debug|x86.Build.0 = Debug|Any CPU
		{0FE9C0B3-73B5-49D3-BE74-1CA5287DAC4A}.Release|Any CPU.ActiveCfg = Release|Any CPU
		{0FE9C0B3-73B5-49D3-BE74-1CA5287DAC4A}.Release|Any CPU.Build.0 = Release|Any CPU
		{0FE9C0B3-73B5-49D3-BE74-1CA5287DAC4A}.Release|ARM.ActiveCfg = Release|Any CPU
		{0FE9C0B3-73B5-49D3-BE74-1CA5287DAC4A}.Release|ARM.Build.0 = Release|Any CPU
		{0FE9C0B3-73B5-49D3-BE74-1CA5287DAC4A}.Release|x64.ActiveCfg = Release|Any CPU
		{0FE9C0B3-73B5-49D3-BE74-1CA5287DAC4A}.Release|x64.Build.0 = Release|Any CPU
		{0FE9C0B3-73B5-49D3-BE74-1CA5287DAC4A}.Release|x86.ActiveCfg = Release|Any CPU
		{0FE9C0B3-73B5-49D3-BE74-1CA5287DAC4A}.Release|x86.Build.0 = Release|Any CPU
		{A0BFE995-8C2D-473C-8D94-F9F0EAE0068A}.Debug|Any CPU.ActiveCfg = Debug|Any CPU
		{A0BFE995-8C2D-473C-8D94-F9F0EAE0068A}.Debug|Any CPU.Build.0 = Debug|Any CPU
		{A0BFE995-8C2D-473C-8D94-F9F0EAE0068A}.Debug|ARM.ActiveCfg = Debug|Any CPU
		{A0BFE995-8C2D-473C-8D94-F9F0EAE0068A}.Debug|ARM.Build.0 = Debug|Any CPU
		{A0BFE995-8C2D-473C-8D94-F9F0EAE0068A}.Debug|x64.ActiveCfg = Debug|Any CPU
		{A0BFE995-8C2D-473C-8D94-F9F0EAE0068A}.Debug|x64.Build.0 = Debug|Any CPU
		{A0BFE995-8C2D-473C-8D94-F9F0EAE0068A}.Debug|x86.ActiveCfg = Debug|Any CPU
		{A0BFE995-8C2D-473C-8D94-F9F0EAE0068A}.Debug|x86.Build.0 = Debug|Any CPU
		{A0BFE995-8C2D-473C-8D94-F9F0EAE0068A}.Release|Any CPU.ActiveCfg = Release|Any CPU
		{A0BFE995-8C2D-473C-8D94-F9F0EAE0068A}.Release|Any CPU.Build.0 = Release|Any CPU
		{A0BFE995-8C2D-473C-8D94-F9F0EAE0068A}.Release|ARM.ActiveCfg = Release|Any CPU
		{A0BFE995-8C2D-473C-8D94-F9F0EAE0068A}.Release|ARM.Build.0 = Release|Any CPU
		{A0BFE995-8C2D-473C-8D94-F9F0EAE0068A}.Release|x64.ActiveCfg = Release|Any CPU
		{A0BFE995-8C2D-473C-8D94-F9F0EAE0068A}.Release|x64.Build.0 = Release|Any CPU
		{A0BFE995-8C2D-473C-8D94-F9F0EAE0068A}.Release|x86.ActiveCfg = Release|Any CPU
		{A0BFE995-8C2D-473C-8D94-F9F0EAE0068A}.Release|x86.Build.0 = Release|Any CPU
		{1349CCFB-549D-4C66-B190-8C73EF65BB21}.Debug|Any CPU.ActiveCfg = Debug|Any CPU
		{1349CCFB-549D-4C66-B190-8C73EF65BB21}.Debug|Any CPU.Build.0 = Debug|Any CPU
		{1349CCFB-549D-4C66-B190-8C73EF65BB21}.Debug|ARM.ActiveCfg = Debug|Any CPU
		{1349CCFB-549D-4C66-B190-8C73EF65BB21}.Debug|ARM.Build.0 = Debug|Any CPU
		{1349CCFB-549D-4C66-B190-8C73EF65BB21}.Debug|x64.ActiveCfg = Debug|Any CPU
		{1349CCFB-549D-4C66-B190-8C73EF65BB21}.Debug|x64.Build.0 = Debug|Any CPU
		{1349CCFB-549D-4C66-B190-8C73EF65BB21}.Debug|x86.ActiveCfg = Debug|Any CPU
		{1349CCFB-549D-4C66-B190-8C73EF65BB21}.Debug|x86.Build.0 = Debug|Any CPU
		{1349CCFB-549D-4C66-B190-8C73EF65BB21}.Release|Any CPU.ActiveCfg = Release|Any CPU
		{1349CCFB-549D-4C66-B190-8C73EF65BB21}.Release|Any CPU.Build.0 = Release|Any CPU
		{1349CCFB-549D-4C66-B190-8C73EF65BB21}.Release|ARM.ActiveCfg = Release|Any CPU
		{1349CCFB-549D-4C66-B190-8C73EF65BB21}.Release|ARM.Build.0 = Release|Any CPU
		{1349CCFB-549D-4C66-B190-8C73EF65BB21}.Release|x64.ActiveCfg = Release|Any CPU
		{1349CCFB-549D-4C66-B190-8C73EF65BB21}.Release|x64.Build.0 = Release|Any CPU
		{1349CCFB-549D-4C66-B190-8C73EF65BB21}.Release|x86.ActiveCfg = Release|Any CPU
		{1349CCFB-549D-4C66-B190-8C73EF65BB21}.Release|x86.Build.0 = Release|Any CPU
		{819441C9-4055-416C-B840-44D71D0D5D1F}.Debug|Any CPU.ActiveCfg = Debug|Any CPU
		{819441C9-4055-416C-B840-44D71D0D5D1F}.Debug|Any CPU.Build.0 = Debug|Any CPU
		{819441C9-4055-416C-B840-44D71D0D5D1F}.Debug|ARM.ActiveCfg = Debug|Any CPU
		{819441C9-4055-416C-B840-44D71D0D5D1F}.Debug|ARM.Build.0 = Debug|Any CPU
		{819441C9-4055-416C-B840-44D71D0D5D1F}.Debug|x64.ActiveCfg = Debug|Any CPU
		{819441C9-4055-416C-B840-44D71D0D5D1F}.Debug|x64.Build.0 = Debug|Any CPU
		{819441C9-4055-416C-B840-44D71D0D5D1F}.Debug|x86.ActiveCfg = Debug|Any CPU
		{819441C9-4055-416C-B840-44D71D0D5D1F}.Debug|x86.Build.0 = Debug|Any CPU
		{819441C9-4055-416C-B840-44D71D0D5D1F}.Release|Any CPU.ActiveCfg = Release|Any CPU
		{819441C9-4055-416C-B840-44D71D0D5D1F}.Release|Any CPU.Build.0 = Release|Any CPU
		{819441C9-4055-416C-B840-44D71D0D5D1F}.Release|ARM.ActiveCfg = Release|Any CPU
		{819441C9-4055-416C-B840-44D71D0D5D1F}.Release|ARM.Build.0 = Release|Any CPU
		{819441C9-4055-416C-B840-44D71D0D5D1F}.Release|x64.ActiveCfg = Release|Any CPU
		{819441C9-4055-416C-B840-44D71D0D5D1F}.Release|x64.Build.0 = Release|Any CPU
		{819441C9-4055-416C-B840-44D71D0D5D1F}.Release|x86.ActiveCfg = Release|Any CPU
		{819441C9-4055-416C-B840-44D71D0D5D1F}.Release|x86.Build.0 = Release|Any CPU
	EndGlobalSection
	GlobalSection(SolutionProperties) = preSolution
		HideSolutionNode = FALSE
	EndGlobalSection
	GlobalSection(ExtensibilityGlobals) = postSolution
		SolutionGuid = {31C63754-019E-4A37-96BF-6A2C071EB44F}
	EndGlobalSection
EndGlobal
