
Microsoft Visual Studio Solution File, Format Version 12.00
# Visual Studio 15
VisualStudioVersion = 15.0.26730.12
MinimumVisualStudioVersion = 10.0.40219.1
Project("{FAE04EC0-301F-11D3-BF4B-00C04F79EFBC}") = "Task2", "Task2\Task2.csproj", "{0A7C6BAE-25AD-4BB7-9541-CF8B4687E2E7}"
EndProject
Project("{FAE04EC0-301F-11D3-BF4B-00C04F79EFBC}") = "ClassLibrary", "ClassLibrary\ClassLibrary.csproj", "{0FE9C0B3-73B5-49D3-BE74-1CA5287DAC4A}"
EndProject
Global
	GlobalSection(SolutionConfigurationPlatforms) = preSolution
		Debug|Any CPU = Debug|Any CPU
		Release|Any CPU = Release|Any CPU
	EndGlobalSection
	GlobalSection(ProjectConfigurationPlatforms) = postSolution
		{0A7C6BAE-25AD-4BB7-9541-CF8B4687E2E7}.Debug|Any CPU.ActiveCfg = Debug|Any CPU
		{0A7C6BAE-25AD-4BB7-9541-CF8B4687E2E7}.Debug|Any CPU.Build.0 = Debug|Any CPU
		{0A7C6BAE-25AD-4BB7-9541-CF8B4687E2E7}.Release|Any CPU.ActiveCfg = Release|Any CPU
		{0A7C6BAE-25AD-4BB7-9541-CF8B4687E2E7}.Release|Any CPU.Build.0 = Release|Any CPU
		{0FE9C0B3-73B5-49D3-BE74-1CA5287DAC4A}.Debug|Any CPU.ActiveCfg = Debug|Any CPU
		{0FE9C0B3-73B5-49D3-BE74-1CA5287DAC4A}.Debug|Any CPU.Build.0 = Debug|Any CPU
		{0FE9C0B3-73B5-49D3-BE74-1CA5287DAC4A}.Release|Any CPU.ActiveCfg = Release|Any CPU
		{0FE9C0B3-73B5-49D3-BE74-1CA5287DAC4A}.Release|Any CPU.Build.0 = Release|Any CPU
	EndGlobalSection
	GlobalSection(SolutionProperties) = preSolution
		HideSolutionNode = FALSE
	EndGlobalSection
	GlobalSection(ExtensibilityGlobals) = postSolution
		SolutionGuid = {31C63754-019E-4A37-96BF-6A2C071EB44F}
	EndGlobalSection
EndGlobal
